github.com/BurntSushi/toml v0.3.1 h1:WXkYYl6Yr3qBf1K79EBnL4mak0OimBfB0XUf9Vl28OQ=
github.com/BurntSushi/toml v0.3.1/go.mod h1:xHWCNGjB5oqiDr8zfno3MHue2Ht5sIBksp03qcyfWMU=
github.com/bifurcation/mint v0.0.0-20190129141059-83ba9bc2ead9 h1:cJwkHhcmnrWFPCg8eUPm7JJCnhnF93lFUe2ukQnXvJ4=
github.com/bifurcation/mint v0.0.0-20190129141059-83ba9bc2ead9/go.mod h1:zVt7zX3K/aDCk9Tj+VM7YymsX66ERvzCJzw8rFCX2JU=
github.com/dustin/go-coap v0.0.0-20170214053734-ddcc80675fa4 h1:+3t0PiNl/W3Cl4/+XmQ8gD1HQuw3ISaGHHmSBylNVJ8=
github.com/dustin/go-coap v0.0.0-20170214053734-ddcc80675fa4/go.mod h1:as2rZ2aojRzZF8bGx1bPAn1yi9ICG6LwkiPOj6PBtjc=
github.com/go-ocf/go-coap v0.0.0-20190119091827-1ab37d948543 h1:gvCTHt+I4Z15j2/12ulP0ynrhfJf1Ypa7LQvbW+QizM=
github.com/go-ocf/go-coap v0.0.0-20190119091827-1ab37d948543/go.mod h1:BfsrAO44kduYzuyPp+993pDv4n3TkFjVVShIIo7k3/U=
github.com/golang/crypto v0.0.0-20190131182504-b8fe1690c613 h1:F1bVwv9nVOyXuv6xClWaIKgipIjcJOgOVCY07GT6xhk=
github.com/golang/crypto v0.0.0-20190131182504-b8fe1690c613/go.mod h1:uZvAcrsnNaCxlh1HorK5dUQHGmEKPh2H/Rl1kehswPo=
github.com/google/go-cmp v0.2.0 h1:+dTQ8DZQJz0Mb/HjFlkptS1FeQ4cWSnN941F8aEG4SQ=
github.com/google/go-cmp v0.2.0/go.mod h1:oXzfMopK8JAjlY9xF4vHSVASa0yLyX7SntLO5aqRK0M=
github.com/gorilla/websocket v1.4.0 h1:WDFjx/TMzVgy9VdMMQi2K2Emtwi2QcUQsztZ/zLaH/Q=
github.com/gorilla/websocket v1.4.0/go.mod h1:E7qHFY5m1UJ88s3WnNqhKjPHQ0heANvMoAMk2YaljkQ=
github.com/miekg/dns v1.1.15 h1:CSSIDtllwGLMoA6zjdKnaE6Tx6eVUxQ29LUgGetiDCI=
github.com/miekg/dns v1.1.15/go.mod h1:W1PPwlIAgtquWBMBEV9nkV9Cazfe8ScdGz/Lj7v3Nrg=
github.com/montanaflynn/stats v0.5.0 h1:2EkzeTSqBB4V4bJwWrt5gIIrZmpJBcoIRGS2kWLgzmk=
github.com/montanaflynn/stats v0.5.0/go.mod h1:wL8QJuTMNUDYhXwkmfOly8iTdp5TEcJFWZD2D7SIkUc=
github.com/pkg/errors v0.8.0 h1:WdK/asTD0HN+q6hsWO3/vpuAkAr+tw6aNJNDFFf0+qw=
github.com/pkg/errors v0.8.0/go.mod h1:bwawxfHBFNV+L2hUp1rHADufV3IMtnDRdf1r5NINEl0=
github.com/spf13/pflag v1.0.3/go.mod h1:DYY7MBk1bdzusC3SYhjObp+wFpr4gzcvqqNjLnInEg4=
golang.org/x/net v0.0.0-20190227160552-c95aed5357e7 h1:C2F/nMkR/9sfUTpvR3QrjBuTdvMUC/cFajkphs1YLQo=
golang.org/x/net v0.0.0-20190227160552-c95aed5357e7/go.mod h1:mL1N/T3taQHkDXs73rZJwtUhF3w3ftmwwsq0BUmARs4=
golang.org/x/sync v0.0.0-20190423024810-112230192c58 h1:8gQV6CLnAEikrhgkHFbMAEhagSSnXWGV915qUMm9mrU=
golang.org/x/sync v0.0.0-20190423024810-112230192c58/go.mod h1:RxMgew5VJxzue5/jJTE5uejpjVlOe/izrB70Jof72aM=
golang.org/x/sys v0.0.0-20190804053845-51ab0e2deafa h1:KIDDMLT1O0Nr7TSxp8xM5tJcdn8tgyAONntO829og1M=
golang.org/x/sys v0.0.0-20190804053845-51ab0e2deafa/go.mod h1:h1NjWce9XRLGQEsW7wpKNCjG9DtNlClVuFLEZdDNbEs=
golang.org/x/tools v0.0.0-20180810170437-e96c4e24768d/go.mod h1:n7NCudcB/nEzxVGmLbDWY5pfWTLqBcC2KZ6jyYvM4mQ=
gotest.tools v2.3.0+incompatible h1:oTCKjb7ZuVfn37AQodk7UysjQQL/S5Dep3pzi59u1NQ=
gotest.tools v2.3.0+incompatible/go.mod h1:R//lfYlUuTOTfblYI3lGoAAAebUdzjvbmQsuB7Ykd90=
