github.com/goplus/yap v0.8.4 h1:nQpie5dZDH6p4T+vaHlfGmthrrzuFpDBWjPgjTatP8c=
github.com/goplus/yap v0.8.4/go.mod h1:Br4hpgVn7KAln4GM/QWrgAHnn2U+TbQ7TegRYhKXgJw=
github.com/qiniu/x v1.16.0 h1:W2VOecyIT3Uxwjm6vJinUR7G3gpwgUgHZA9OpeHArdE=
github.com/qiniu/x v1.16.0/go.mod h1:AiovSOCaRijaf3fj+0CBOpR1457pn24b0Vdb1JpwhII=
